# THIS IS AN AUTOGENERATED FILE. DO NOT EDIT THIS FILE DIRECTLY.
# yarn lockfile v1


vue-api-query@^1.1.1:
  version "1.1.1"
  resolved "https://registry.yarnpkg.com/vue-api-query/-/vue-api-query-1.1.1.tgz#7aca90e6ecd690fd42e5af91ba8bebadc66bbbff"
  integrity sha512-jMBGDjR7NBtM+7B+aRCeg3PMYUcjAK85mfxSyFJ0gc6f1df9pcRKvcOwv6Iq+Hd2ZPy3K+tjyQL1Pu4MH3xqJw==

vue-router@^3.0.1:
  version "3.0.1"
  resolved "https://registry.yarnpkg.com/vue-router/-/vue-router-3.0.1.tgz#d9b05ad9c7420ba0f626d6500d693e60092cc1e9"
  integrity sha512-vLLoY452L+JBpALMP5UHum9+7nzR9PeIBCghU9ZtJ1eWm6ieUI8Zb/DI3MYxH32bxkjzYV1LRjNv4qr8d+uX/w==

vue@^2.5.17:
  version "2.5.17"
  resolved "https://registry.yarnpkg.com/vue/-/vue-2.5.17.tgz#0f8789ad718be68ca1872629832ed533589c6ada"
  integrity sha512-mFbcWoDIJi0w0Za4emyLiW72Jae0yjANHbCVquMKijcavBGypqlF7zHRgMa5k4sesdv7hv2rB4JPdZfR+TPfhQ==
